
Microsoft Visual Studio Solution File, Format Version 12.00
# Visual Studio Version 17
VisualStudioVersion = 17.13.35806.99
MinimumVisualStudioVersion = 10.0.40219.1
Project("{2150E333-8FDC-42A3-9474-1A3956D46DE8}") = "Src", "Src", "{02EA681E-C7D8-13C7-8484-4AC65E1B71E8}"
EndProject
Project("{FAE04EC0-301F-11D3-BF4B-00C04F79EFBC}") = "EosWebApi90", "Src\EosWebApi90\EosWebApi90.csproj", "{C095F669-3070-4F54-9628-AA23974D4DE5}"
EndProject
Project("{FAE04EC0-301F-11D3-BF4B-00C04F79EFBC}") = "EosWebApi80", "Src\EosWebApi80\EosWebApi80.csproj", "{E29AD2ED-B4E2-452F-9B84-AEA36761895B}"
EndProject
Project("{D954291E-2A0B-460D-934E-DC6B0785DB48}") = "EosWebApiShare", "Src\EosWebApiShare\EosWebApiShare.shproj", "{DC3BC939-130E-4228-8003-026D0C470D44}"
EndProject
Project("{D954291E-2A0B-460D-934E-DC6B0785DB48}") = "WebServiceClientShare", "..\WebServiceClient\Src\WebServiceClientShare\WebServiceClientShare.shproj", "{8CAACB04-9656-4B7C-A692-422FCA51474B}"
EndProject
Project("{2150E333-8FDC-42A3-9474-1A3956D46DE8}") = "Test", "Test", "{0B2ADDFC-4D74-4B25-A272-6AE19CEC1842}"
EndProject
Project("{FAE04EC0-301F-11D3-BF4B-00C04F79EFBC}") = "EosWebApiUnitTest80", "Test\EosWebApiUnitTest80\EosWebApiUnitTest80.csproj", "{6729D29E-ACBF-47AE-8480-A67F3A20A65A}"
EndProject
Project("{FAE04EC0-301F-11D3-BF4B-00C04F79EFBC}") = "EosWebApiUnitTest90", "Test\EosWebApiUnitTest90\EosWebApiUnitTest90.csproj", "{CBBD0553-A876-4EF5-86AB-8C9CDF29CB4A}"
EndProject
Project("{D954291E-2A0B-460D-934E-DC6B0785DB48}") = "EosWebApiUnitTestShare", "Test\EosWebApiUnitTestShare\EosWebApiUnitTestShare.shproj", "{789B4B88-6025-44F6-9555-B1EDFCF3DB8D}"
EndProject
Global
	GlobalSection(SolutionConfigurationPlatforms) = preSolution
		Debug|Any CPU = Debug|Any CPU
		Release|Any CPU = Release|Any CPU
	EndGlobalSection
	GlobalSection(ProjectConfigurationPlatforms) = postSolution
		{C095F669-3070-4F54-9628-AA23974D4DE5}.Debug|Any CPU.ActiveCfg = Debug|Any CPU
		{C095F669-3070-4F54-9628-AA23974D4DE5}.Debug|Any CPU.Build.0 = Debug|Any CPU
		{C095F669-3070-4F54-9628-AA23974D4DE5}.Release|Any CPU.ActiveCfg = Release|Any CPU
		{C095F669-3070-4F54-9628-AA23974D4DE5}.Release|Any CPU.Build.0 = Release|Any CPU
		{E29AD2ED-B4E2-452F-9B84-AEA36761895B}.Debug|Any CPU.ActiveCfg = Debug|Any CPU
		{E29AD2ED-B4E2-452F-9B84-AEA36761895B}.Debug|Any CPU.Build.0 = Debug|Any CPU
		{E29AD2ED-B4E2-452F-9B84-AEA36761895B}.Release|Any CPU.ActiveCfg = Release|Any CPU
		{E29AD2ED-B4E2-452F-9B84-AEA36761895B}.Release|Any CPU.Build.0 = Release|Any CPU
		{6729D29E-ACBF-47AE-8480-A67F3A20A65A}.Debug|Any CPU.ActiveCfg = Debug|Any CPU
		{6729D29E-ACBF-47AE-8480-A67F3A20A65A}.Debug|Any CPU.Build.0 = Debug|Any CPU
		{6729D29E-ACBF-47AE-8480-A67F3A20A65A}.Release|Any CPU.ActiveCfg = Release|Any CPU
		{6729D29E-ACBF-47AE-8480-A67F3A20A65A}.Release|Any CPU.Build.0 = Release|Any CPU
		{CBBD0553-A876-4EF5-86AB-8C9CDF29CB4A}.Debug|Any CPU.ActiveCfg = Debug|Any CPU
		{CBBD0553-A876-4EF5-86AB-8C9CDF29CB4A}.Debug|Any CPU.Build.0 = Debug|Any CPU
		{CBBD0553-A876-4EF5-86AB-8C9CDF29CB4A}.Release|Any CPU.ActiveCfg = Release|Any CPU
		{CBBD0553-A876-4EF5-86AB-8C9CDF29CB4A}.Release|Any CPU.Build.0 = Release|Any CPU
	EndGlobalSection
	GlobalSection(SolutionProperties) = preSolution
		HideSolutionNode = FALSE
	EndGlobalSection
	GlobalSection(NestedProjects) = preSolution
		{C095F669-3070-4F54-9628-AA23974D4DE5} = {02EA681E-C7D8-13C7-8484-4AC65E1B71E8}
		{E29AD2ED-B4E2-452F-9B84-AEA36761895B} = {02EA681E-C7D8-13C7-8484-4AC65E1B71E8}
		{DC3BC939-130E-4228-8003-026D0C470D44} = {02EA681E-C7D8-13C7-8484-4AC65E1B71E8}
		{8CAACB04-9656-4B7C-A692-422FCA51474B} = {02EA681E-C7D8-13C7-8484-4AC65E1B71E8}
		{6729D29E-ACBF-47AE-8480-A67F3A20A65A} = {0B2ADDFC-4D74-4B25-A272-6AE19CEC1842}
		{CBBD0553-A876-4EF5-86AB-8C9CDF29CB4A} = {0B2ADDFC-4D74-4B25-A272-6AE19CEC1842}
		{789B4B88-6025-44F6-9555-B1EDFCF3DB8D} = {0B2ADDFC-4D74-4B25-A272-6AE19CEC1842}
	EndGlobalSection
	GlobalSection(ExtensibilityGlobals) = postSolution
		SolutionGuid = {C6D4DEBA-3F26-4A31-96FD-2EE8AE48B7AE}
	EndGlobalSection
	GlobalSection(SharedMSBuildProjectFiles) = preSolution
		Test\EosWebApiUnitTestShare\EosWebApiUnitTestShare.projitems*{6729d29e-acbf-47ae-8480-a67f3a20a65a}*SharedItemsImports = 5
		Test\EosWebApiUnitTestShare\EosWebApiUnitTestShare.projitems*{789b4b88-6025-44f6-9555-b1edfcf3db8d}*SharedItemsImports = 13
		..\WebServiceClient\Src\WebServiceClientShare\WebServiceClientShare.projitems*{8caacb04-9656-4b7c-a692-422fca51474b}*SharedItemsImports = 13
		Src\EosWebApiShare\EosWebApiShare.projitems*{c095f669-3070-4f54-9628-aa23974d4de5}*SharedItemsImports = 5
		..\WebServiceClient\Src\WebServiceClientShare\WebServiceClientShare.projitems*{c095f669-3070-4f54-9628-aa23974d4de5}*SharedItemsImports = 5
		Test\EosWebApiUnitTestShare\EosWebApiUnitTestShare.projitems*{cbbd0553-a876-4ef5-86ab-8c9cdf29cb4a}*SharedItemsImports = 5
		Src\EosWebApiShare\EosWebApiShare.projitems*{dc3bc939-130e-4228-8003-026d0c470d44}*SharedItemsImports = 13
		Src\EosWebApiShare\EosWebApiShare.projitems*{e29ad2ed-b4e2-452f-9b84-aea36761895b}*SharedItemsImports = 5
		..\WebServiceClient\Src\WebServiceClientShare\WebServiceClientShare.projitems*{e29ad2ed-b4e2-452f-9b84-aea36761895b}*SharedItemsImports = 5
	EndGlobalSection
EndGlobal
